// !$*UTF8*$!
{
	archiveVersion = 1;
	classes = {
	};
	objectVersion = 46;
	objects = {

/* Begin PBXBuildFile section */
		3A220C831C16DA2A00985BC7 /* Mixably.storyboard in Resources */ = {isa = PBXBuildFile; fileRef = 3A220C821C16DA2A00985BC7 /* Mixably.storyboard */; };
		3A25F4451C16C85F007ED23B /* Constants.swift in Sources */ = {isa = PBXBuildFile; fileRef = 3A25F4441C16C85F007ED23B /* Constants.swift */; };
		3A25F4481C16D868007ED23B /* Songs.storyboard in Resources */ = {isa = PBXBuildFile; fileRef = 3A25F4461C16D868007ED23B /* Songs.storyboard */; };
		3AAF4D871C16AF3D0091C2B3 /* AppDelegate.swift in Sources */ = {isa = PBXBuildFile; fileRef = 3AAF4D861C16AF3D0091C2B3 /* AppDelegate.swift */; };
		3AAF4D891C16AF3D0091C2B3 /* ViewController.swift in Sources */ = {isa = PBXBuildFile; fileRef = 3AAF4D881C16AF3D0091C2B3 /* ViewController.swift */; };
		3AAF4D8B1C16AF3D0091C2B3 /* Assets.xcassets in Resources */ = {isa = PBXBuildFile; fileRef = 3AAF4D8A1C16AF3D0091C2B3 /* Assets.xcassets */; };
		3AAF4D8E1C16AF3D0091C2B3 /* Main.storyboard in Resources */ = {isa = PBXBuildFile; fileRef = 3AAF4D8C1C16AF3D0091C2B3 /* Main.storyboard */; };
		3AAF4D991C16AF3D0091C2B3 /* MixablyMacTests.swift in Sources */ = {isa = PBXBuildFile; fileRef = 3AAF4D981C16AF3D0091C2B3 /* MixablyMacTests.swift */; };
		3AAF4DA41C16AF3D0091C2B3 /* MixablyMacUITests.swift in Sources */ = {isa = PBXBuildFile; fileRef = 3AAF4DA31C16AF3D0091C2B3 /* MixablyMacUITests.swift */; };
		3AAF4DB21C16B6B20091C2B3 /* MXMainViewController.swift in Sources */ = {isa = PBXBuildFile; fileRef = 3AAF4DB11C16B6B20091C2B3 /* MXMainViewController.swift */; };
		3AAF4DB51C16C0A60091C2B3 /* MXPlayerViewController.swift in Sources */ = {isa = PBXBuildFile; fileRef = 3AAF4DB41C16C0A60091C2B3 /* MXPlayerViewController.swift */; };
		3AAF4DB71C16C1E00091C2B3 /* MXPlaylistViewController.swift in Sources */ = {isa = PBXBuildFile; fileRef = 3AAF4DB61C16C1E00091C2B3 /* MXPlaylistViewController.swift */; };
		3AAF4DB91C16C21D0091C2B3 /* MXMixablyViewController.swift in Sources */ = {isa = PBXBuildFile; fileRef = 3AAF4DB81C16C21D0091C2B3 /* MXMixablyViewController.swift */; };
		3AE4E7CE1C1821D300BC120D /* MXMixablyPresentationAnimator.swift in Sources */ = {isa = PBXBuildFile; fileRef = 3AE4E7CD1C1821D300BC120D /* MXMixablyPresentationAnimator.swift */; };
		3AE4E7D11C183BAE00BC120D /* CALayer+Extensions.swift in Sources */ = {isa = PBXBuildFile; fileRef = 3AE4E7D01C183BAE00BC120D /* CALayer+Extensions.swift */; };
		4A34E94E63C98EE6C39AC602 /* Pods_MixablyMac.framework in Frameworks */ = {isa = PBXBuildFile; fileRef = 3ACEA5876B72FE5282B68214 /* Pods_MixablyMac.framework */; };
		7C25AF861C17BB34007A0DBA /* iTunesLibrary.framework in Frameworks */ = {isa = PBXBuildFile; fileRef = 7C25AF851C17BB34007A0DBA /* iTunesLibrary.framework */; };
		7C25AF881C17BB3E007A0DBA /* AVFoundation.framework in Frameworks */ = {isa = PBXBuildFile; fileRef = 7C25AF871C17BB3E007A0DBA /* AVFoundation.framework */; };
		7CB1B9B21C180E960056A942 /* EventMonitor.swift in Sources */ = {isa = PBXBuildFile; fileRef = 7CB1B9B11C180E960056A942 /* EventMonitor.swift */; };
		D10004011C1855EF00563D6B /* MXSidebarViewController.swift in Sources */ = {isa = PBXBuildFile; fileRef = D10004001C1855EF00563D6B /* MXSidebarViewController.swift */; };
		D1159F871C1A942400E43147 /* MXSidebarMoodlistViewController.swift in Sources */ = {isa = PBXBuildFile; fileRef = D1159F861C1A942400E43147 /* MXSidebarMoodlistViewController.swift */; };
		D169D1051C192692002F62D6 /* Playlist.swift in Sources */ = {isa = PBXBuildFile; fileRef = D169D1041C192692002F62D6 /* Playlist.swift */; };
		D169D1071C1926A4002F62D6 /* Mood.swift in Sources */ = {isa = PBXBuildFile; fileRef = D169D1061C1926A4002F62D6 /* Mood.swift */; };
		D1DFEECD1C16F243000B9991 /* Song.swift in Sources */ = {isa = PBXBuildFile; fileRef = D1DFEECC1C16F243000B9991 /* Song.swift */; };
/* End PBXBuildFile section */

/* Begin PBXContainerItemProxy section */
		3AAF4D951C16AF3D0091C2B3 /* PBXContainerItemProxy */ = {
			isa = PBXContainerItemProxy;
			containerPortal = 3AAF4D7B1C16AF3D0091C2B3 /* Project object */;
			proxyType = 1;
			remoteGlobalIDString = 3AAF4D821C16AF3D0091C2B3;
			remoteInfo = MixablyMac;
		};
		3AAF4DA01C16AF3D0091C2B3 /* PBXContainerItemProxy */ = {
			isa = PBXContainerItemProxy;
			containerPortal = 3AAF4D7B1C16AF3D0091C2B3 /* Project object */;
			proxyType = 1;
			remoteGlobalIDString = 3AAF4D821C16AF3D0091C2B3;
			remoteInfo = MixablyMac;
		};
/* End PBXContainerItemProxy section */

/* Begin PBXFileReference section */
		3A220C821C16DA2A00985BC7 /* Mixably.storyboard */ = {isa = PBXFileReference; fileEncoding = 4; lastKnownFileType = file.storyboard; path = Mixably.storyboard; sourceTree = "<group>"; };
		3A25F4441C16C85F007ED23B /* Constants.swift */ = {isa = PBXFileReference; fileEncoding = 4; lastKnownFileType = sourcecode.swift; path = Constants.swift; sourceTree = "<group>"; };
		3A25F4471C16D868007ED23B /* Base */ = {isa = PBXFileReference; lastKnownFileType = file.storyboard; name = Base; path = Base.lproj/Songs.storyboard; sourceTree = "<group>"; };
		3AAF4D831C16AF3D0091C2B3 /* MixablyMac.app */ = {isa = PBXFileReference; explicitFileType = wrapper.application; includeInIndex = 0; path = MixablyMac.app; sourceTree = BUILT_PRODUCTS_DIR; };
		3AAF4D861C16AF3D0091C2B3 /* AppDelegate.swift */ = {isa = PBXFileReference; lastKnownFileType = sourcecode.swift; path = AppDelegate.swift; sourceTree = "<group>"; };
		3AAF4D881C16AF3D0091C2B3 /* ViewController.swift */ = {isa = PBXFileReference; lastKnownFileType = sourcecode.swift; path = ViewController.swift; sourceTree = "<group>"; };
		3AAF4D8A1C16AF3D0091C2B3 /* Assets.xcassets */ = {isa = PBXFileReference; lastKnownFileType = folder.assetcatalog; path = Assets.xcassets; sourceTree = "<group>"; };
		3AAF4D8D1C16AF3D0091C2B3 /* Base */ = {isa = PBXFileReference; lastKnownFileType = file.storyboard; name = Base; path = Base.lproj/Main.storyboard; sourceTree = "<group>"; };
		3AAF4D8F1C16AF3D0091C2B3 /* Info.plist */ = {isa = PBXFileReference; lastKnownFileType = text.plist.xml; path = Info.plist; sourceTree = "<group>"; };
		3AAF4D941C16AF3D0091C2B3 /* MixablyMacTests.xctest */ = {isa = PBXFileReference; explicitFileType = wrapper.cfbundle; includeInIndex = 0; path = MixablyMacTests.xctest; sourceTree = BUILT_PRODUCTS_DIR; };
		3AAF4D981C16AF3D0091C2B3 /* MixablyMacTests.swift */ = {isa = PBXFileReference; lastKnownFileType = sourcecode.swift; path = MixablyMacTests.swift; sourceTree = "<group>"; };
		3AAF4D9A1C16AF3D0091C2B3 /* Info.plist */ = {isa = PBXFileReference; lastKnownFileType = text.plist.xml; path = Info.plist; sourceTree = "<group>"; };
		3AAF4D9F1C16AF3D0091C2B3 /* MixablyMacUITests.xctest */ = {isa = PBXFileReference; explicitFileType = wrapper.cfbundle; includeInIndex = 0; path = MixablyMacUITests.xctest; sourceTree = BUILT_PRODUCTS_DIR; };
		3AAF4DA31C16AF3D0091C2B3 /* MixablyMacUITests.swift */ = {isa = PBXFileReference; lastKnownFileType = sourcecode.swift; path = MixablyMacUITests.swift; sourceTree = "<group>"; };
		3AAF4DA51C16AF3D0091C2B3 /* Info.plist */ = {isa = PBXFileReference; lastKnownFileType = text.plist.xml; path = Info.plist; sourceTree = "<group>"; };
		3AAF4DB11C16B6B20091C2B3 /* MXMainViewController.swift */ = {isa = PBXFileReference; fileEncoding = 4; lastKnownFileType = sourcecode.swift; path = MXMainViewController.swift; sourceTree = "<group>"; };
		3AAF4DB41C16C0A60091C2B3 /* MXPlayerViewController.swift */ = {isa = PBXFileReference; fileEncoding = 4; lastKnownFileType = sourcecode.swift; path = MXPlayerViewController.swift; sourceTree = "<group>"; };
		3AAF4DB61C16C1E00091C2B3 /* MXPlaylistViewController.swift */ = {isa = PBXFileReference; fileEncoding = 4; lastKnownFileType = sourcecode.swift; path = MXPlaylistViewController.swift; sourceTree = "<group>"; };
		3AAF4DB81C16C21D0091C2B3 /* MXMixablyViewController.swift */ = {isa = PBXFileReference; fileEncoding = 4; lastKnownFileType = sourcecode.swift; path = MXMixablyViewController.swift; sourceTree = "<group>"; };
		3ACEA5876B72FE5282B68214 /* Pods_MixablyMac.framework */ = {isa = PBXFileReference; explicitFileType = wrapper.framework; includeInIndex = 0; path = Pods_MixablyMac.framework; sourceTree = BUILT_PRODUCTS_DIR; };
		3AE4E7CD1C1821D300BC120D /* MXMixablyPresentationAnimator.swift */ = {isa = PBXFileReference; fileEncoding = 4; lastKnownFileType = sourcecode.swift; path = MXMixablyPresentationAnimator.swift; sourceTree = "<group>"; };
		3AE4E7D01C183BAE00BC120D /* CALayer+Extensions.swift */ = {isa = PBXFileReference; fileEncoding = 4; lastKnownFileType = sourcecode.swift; path = "CALayer+Extensions.swift"; sourceTree = "<group>"; };
		7C25AF851C17BB34007A0DBA /* iTunesLibrary.framework */ = {isa = PBXFileReference; lastKnownFileType = wrapper.framework; name = iTunesLibrary.framework; path = ../../../../../Library/Frameworks/iTunesLibrary.framework; sourceTree = "<group>"; };
		7C25AF871C17BB3E007A0DBA /* AVFoundation.framework */ = {isa = PBXFileReference; lastKnownFileType = wrapper.framework; name = AVFoundation.framework; path = System/Library/Frameworks/AVFoundation.framework; sourceTree = SDKROOT; };
		7C25AF891C17DE52007A0DBA /* MixablyMac.entitlements */ = {isa = PBXFileReference; lastKnownFileType = text.xml; path = MixablyMac.entitlements; sourceTree = "<group>"; };
		7CB1B9B11C180E960056A942 /* EventMonitor.swift */ = {isa = PBXFileReference; fileEncoding = 4; lastKnownFileType = sourcecode.swift; path = EventMonitor.swift; sourceTree = "<group>"; };
		AC632175D9C6A5455B2CA21D /* Pods-MixablyMac.release.xcconfig */ = {isa = PBXFileReference; includeInIndex = 1; lastKnownFileType = text.xcconfig; name = "Pods-MixablyMac.release.xcconfig"; path = "Pods/Target Support Files/Pods-MixablyMac/Pods-MixablyMac.release.xcconfig"; sourceTree = "<group>"; };
		D10004001C1855EF00563D6B /* MXSidebarViewController.swift */ = {isa = PBXFileReference; fileEncoding = 4; lastKnownFileType = sourcecode.swift; path = MXSidebarViewController.swift; sourceTree = "<group>"; };
		D1159F861C1A942400E43147 /* MXSidebarMoodlistViewController.swift */ = {isa = PBXFileReference; fileEncoding = 4; lastKnownFileType = sourcecode.swift; path = MXSidebarMoodlistViewController.swift; sourceTree = "<group>"; };
		D169D1041C192692002F62D6 /* Playlist.swift */ = {isa = PBXFileReference; fileEncoding = 4; lastKnownFileType = sourcecode.swift; name = Playlist.swift; path = Models/Playlist.swift; sourceTree = "<group>"; };
		D169D1061C1926A4002F62D6 /* Mood.swift */ = {isa = PBXFileReference; fileEncoding = 4; lastKnownFileType = sourcecode.swift; name = Mood.swift; path = Models/Mood.swift; sourceTree = "<group>"; };
		D1DFEECC1C16F243000B9991 /* Song.swift */ = {isa = PBXFileReference; fileEncoding = 4; lastKnownFileType = sourcecode.swift; name = Song.swift; path = Models/Song.swift; sourceTree = "<group>"; };
		DF7961601E0145F14D531120 /* Pods-MixablyMac.debug.xcconfig */ = {isa = PBXFileReference; includeInIndex = 1; lastKnownFileType = text.xcconfig; name = "Pods-MixablyMac.debug.xcconfig"; path = "Pods/Target Support Files/Pods-MixablyMac/Pods-MixablyMac.debug.xcconfig"; sourceTree = "<group>"; };
/* End PBXFileReference section */

/* Begin PBXFrameworksBuildPhase section */
		3AAF4D801C16AF3D0091C2B3 /* Frameworks */ = {
			isa = PBXFrameworksBuildPhase;
			buildActionMask = 2147483647;
			files = (
				4A34E94E63C98EE6C39AC602 /* Pods_MixablyMac.framework in Frameworks */,
				7C25AF881C17BB3E007A0DBA /* AVFoundation.framework in Frameworks */,
				7C25AF861C17BB34007A0DBA /* iTunesLibrary.framework in Frameworks */,
			);
			runOnlyForDeploymentPostprocessing = 0;
		};
		3AAF4D911C16AF3D0091C2B3 /* Frameworks */ = {
			isa = PBXFrameworksBuildPhase;
			buildActionMask = 2147483647;
			files = (
			);
			runOnlyForDeploymentPostprocessing = 0;
		};
		3AAF4D9C1C16AF3D0091C2B3 /* Frameworks */ = {
			isa = PBXFrameworksBuildPhase;
			buildActionMask = 2147483647;
			files = (
			);
			runOnlyForDeploymentPostprocessing = 0;
		};
/* End PBXFrameworksBuildPhase section */

/* Begin PBXGroup section */
		0632DF1C727F5BAE60441FA3 /* Pods */ = {
			isa = PBXGroup;
			children = (
				DF7961601E0145F14D531120 /* Pods-MixablyMac.debug.xcconfig */,
				AC632175D9C6A5455B2CA21D /* Pods-MixablyMac.release.xcconfig */,
			);
			name = Pods;
			sourceTree = "<group>";
		};
		3A25F4431C16C853007ED23B /* Common */ = {
			isa = PBXGroup;
			children = (
				3AE4E7CC1C1821AF00BC120D /* PresentationAnimators */,
				3A25F4441C16C85F007ED23B /* Constants.swift */,
			);
			name = Common;
			sourceTree = "<group>";
		};
		3AAF4D7A1C16AF3D0091C2B3 = {
			isa = PBXGroup;
			children = (
				3AAF4D851C16AF3D0091C2B3 /* MixablyMac */,
				3AAF4D971C16AF3D0091C2B3 /* MixablyMacTests */,
				3AAF4DA21C16AF3D0091C2B3 /* MixablyMacUITests */,
				3AAF4D841C16AF3D0091C2B3 /* Products */,
				0632DF1C727F5BAE60441FA3 /* Pods */,
				41123FC29F77D0DD0E679F4B /* Frameworks */,
			);
			sourceTree = "<group>";
		};
		3AAF4D841C16AF3D0091C2B3 /* Products */ = {
			isa = PBXGroup;
			children = (
				3AAF4D831C16AF3D0091C2B3 /* MixablyMac.app */,
				3AAF4D941C16AF3D0091C2B3 /* MixablyMacTests.xctest */,
				3AAF4D9F1C16AF3D0091C2B3 /* MixablyMacUITests.xctest */,
			);
			name = Products;
			sourceTree = "<group>";
		};
		3AAF4D851C16AF3D0091C2B3 /* MixablyMac */ = {
			isa = PBXGroup;
			children = (
				D10003FE1C1843C300563D6B /* Helpers */,
				3AE4E7CF1C183BA100BC120D /* Extensions */,
				3A25F4431C16C853007ED23B /* Common */,
				D1DFEECB1C16F219000B9991 /* Models */,
				3AAF4D861C16AF3D0091C2B3 /* AppDelegate.swift */,
				3AAF4D881C16AF3D0091C2B3 /* ViewController.swift */,
				3AAF4DB31C16B6B60091C2B3 /* ViewControllers */,
				D10003FF1C18441800563D6B /* Supporting Files */,
				3AAF4D8F1C16AF3D0091C2B3 /* Info.plist */,
			);
			path = MixablyMac;
			sourceTree = "<group>";
		};
		3AAF4D971C16AF3D0091C2B3 /* MixablyMacTests */ = {
			isa = PBXGroup;
			children = (
				3AAF4D981C16AF3D0091C2B3 /* MixablyMacTests.swift */,
				3AAF4D9A1C16AF3D0091C2B3 /* Info.plist */,
			);
			path = MixablyMacTests;
			sourceTree = "<group>";
		};
		3AAF4DA21C16AF3D0091C2B3 /* MixablyMacUITests */ = {
			isa = PBXGroup;
			children = (
				3AAF4DA31C16AF3D0091C2B3 /* MixablyMacUITests.swift */,
				3AAF4DA51C16AF3D0091C2B3 /* Info.plist */,
			);
			path = MixablyMacUITests;
			sourceTree = "<group>";
		};
		3AAF4DB31C16B6B60091C2B3 /* ViewControllers */ = {
			isa = PBXGroup;
			children = (
				3AAF4DBC1C16C22F0091C2B3 /* Main */,
				3AAF4DBB1C16C2260091C2B3 /* Playlist */,
				3AAF4DBA1C16C2210091C2B3 /* Mixably */,
			);
			name = ViewControllers;
			sourceTree = "<group>";
		};
		3AAF4DBA1C16C2210091C2B3 /* Mixably */ = {
			isa = PBXGroup;
			children = (
				3A220C821C16DA2A00985BC7 /* Mixably.storyboard */,
				3AAF4DB81C16C21D0091C2B3 /* MXMixablyViewController.swift */,
			);
			name = Mixably;
			sourceTree = "<group>";
		};
		3AAF4DBB1C16C2260091C2B3 /* Playlist */ = {
			isa = PBXGroup;
			children = (
				3A25F4461C16D868007ED23B /* Songs.storyboard */,
				3AAF4DB61C16C1E00091C2B3 /* MXPlaylistViewController.swift */,
				D10004001C1855EF00563D6B /* MXSidebarViewController.swift */,
				D1159F861C1A942400E43147 /* MXSidebarMoodlistViewController.swift */,
			);
			name = Playlist;
			sourceTree = "<group>";
		};
		3AAF4DBC1C16C22F0091C2B3 /* Main */ = {
			isa = PBXGroup;
			children = (
				3AAF4D8C1C16AF3D0091C2B3 /* Main.storyboard */,
				3AAF4DB11C16B6B20091C2B3 /* MXMainViewController.swift */,
				3AAF4DB41C16C0A60091C2B3 /* MXPlayerViewController.swift */,
			);
			name = Main;
			sourceTree = "<group>";
		};
		3AE4E7CC1C1821AF00BC120D /* PresentationAnimators */ = {
			isa = PBXGroup;
			children = (
				3AE4E7CD1C1821D300BC120D /* MXMixablyPresentationAnimator.swift */,
			);
			name = PresentationAnimators;
			sourceTree = "<group>";
		};
		3AE4E7CF1C183BA100BC120D /* Extensions */ = {
			isa = PBXGroup;
			children = (
				3AE4E7D01C183BAE00BC120D /* CALayer+Extensions.swift */,
			);
			name = Extensions;
			sourceTree = "<group>";
		};
		41123FC29F77D0DD0E679F4B /* Frameworks */ = {
			isa = PBXGroup;
			children = (
				7C25AF851C17BB34007A0DBA /* iTunesLibrary.framework */,
				7C25AF871C17BB3E007A0DBA /* AVFoundation.framework */,
				3ACEA5876B72FE5282B68214 /* Pods_MixablyMac.framework */,
			);
			name = Frameworks;
			sourceTree = "<group>";
		};
		D10003FE1C1843C300563D6B /* Helpers */ = {
			isa = PBXGroup;
			children = (
				7CB1B9B11C180E960056A942 /* EventMonitor.swift */,
			);
			name = Helpers;
			sourceTree = "<group>";
		};
		D10003FF1C18441800563D6B /* Supporting Files */ = {
			isa = PBXGroup;
			children = (
				3AAF4D8A1C16AF3D0091C2B3 /* Assets.xcassets */,
				7C25AF891C17DE52007A0DBA /* MixablyMac.entitlements */,
			);
			name = "Supporting Files";
			sourceTree = "<group>";
		};
		D1DFEECB1C16F219000B9991 /* Models */ = {
			isa = PBXGroup;
			children = (
				D1DFEECC1C16F243000B9991 /* Song.swift */,
				D169D1041C192692002F62D6 /* Playlist.swift */,
				D169D1061C1926A4002F62D6 /* Mood.swift */,
			);
			name = Models;
			sourceTree = "<group>";
		};
/* End PBXGroup section */

/* Begin PBXNativeTarget section */
		3AAF4D821C16AF3D0091C2B3 /* MixablyMac */ = {
			isa = PBXNativeTarget;
			buildConfigurationList = 3AAF4DA81C16AF3D0091C2B3 /* Build configuration list for PBXNativeTarget "MixablyMac" */;
			buildPhases = (
				A271BE5AEE7F476A54C64780 /* Check Pods Manifest.lock */,
				3AAF4D7F1C16AF3D0091C2B3 /* Sources */,
				3AAF4D801C16AF3D0091C2B3 /* Frameworks */,
				3AAF4D811C16AF3D0091C2B3 /* Resources */,
				16BB2225AF1FED8368CDFC20 /* Embed Pods Frameworks */,
				C541AC8CF773D09BA80A1B88 /* Copy Pods Resources */,
			);
			buildRules = (
			);
			dependencies = (
			);
			name = MixablyMac;
			productName = MixablyMac;
			productReference = 3AAF4D831C16AF3D0091C2B3 /* MixablyMac.app */;
			productType = "com.apple.product-type.application";
		};
		3AAF4D931C16AF3D0091C2B3 /* MixablyMacTests */ = {
			isa = PBXNativeTarget;
			buildConfigurationList = 3AAF4DAB1C16AF3D0091C2B3 /* Build configuration list for PBXNativeTarget "MixablyMacTests" */;
			buildPhases = (
				3AAF4D901C16AF3D0091C2B3 /* Sources */,
				3AAF4D911C16AF3D0091C2B3 /* Frameworks */,
				3AAF4D921C16AF3D0091C2B3 /* Resources */,
			);
			buildRules = (
			);
			dependencies = (
				3AAF4D961C16AF3D0091C2B3 /* PBXTargetDependency */,
			);
			name = MixablyMacTests;
			productName = MixablyMacTests;
			productReference = 3AAF4D941C16AF3D0091C2B3 /* MixablyMacTests.xctest */;
			productType = "com.apple.product-type.bundle.unit-test";
		};
		3AAF4D9E1C16AF3D0091C2B3 /* MixablyMacUITests */ = {
			isa = PBXNativeTarget;
			buildConfigurationList = 3AAF4DAE1C16AF3D0091C2B3 /* Build configuration list for PBXNativeTarget "MixablyMacUITests" */;
			buildPhases = (
				3AAF4D9B1C16AF3D0091C2B3 /* Sources */,
				3AAF4D9C1C16AF3D0091C2B3 /* Frameworks */,
				3AAF4D9D1C16AF3D0091C2B3 /* Resources */,
			);
			buildRules = (
			);
			dependencies = (
				3AAF4DA11C16AF3D0091C2B3 /* PBXTargetDependency */,
			);
			name = MixablyMacUITests;
			productName = MixablyMacUITests;
			productReference = 3AAF4D9F1C16AF3D0091C2B3 /* MixablyMacUITests.xctest */;
			productType = "com.apple.product-type.bundle.ui-testing";
		};
/* End PBXNativeTarget section */

/* Begin PBXProject section */
		3AAF4D7B1C16AF3D0091C2B3 /* Project object */ = {
			isa = PBXProject;
			attributes = {
				LastSwiftUpdateCheck = 0710;
				LastUpgradeCheck = 0710;
				ORGANIZATIONNAME = MiQ;
				TargetAttributes = {
					3AAF4D821C16AF3D0091C2B3 = {
						CreatedOnToolsVersion = 7.1.1;
						DevelopmentTeam = 3FW6HLELFH;
						SystemCapabilities = {
							com.apple.Sandbox = {
								enabled = 1;
							};
						};
					};
					3AAF4D931C16AF3D0091C2B3 = {
						CreatedOnToolsVersion = 7.1.1;
						TestTargetID = 3AAF4D821C16AF3D0091C2B3;
					};
					3AAF4D9E1C16AF3D0091C2B3 = {
						CreatedOnToolsVersion = 7.1.1;
						TestTargetID = 3AAF4D821C16AF3D0091C2B3;
					};
				};
			};
			buildConfigurationList = 3AAF4D7E1C16AF3D0091C2B3 /* Build configuration list for PBXProject "MixablyMac" */;
			compatibilityVersion = "Xcode 3.2";
			developmentRegion = English;
			hasScannedForEncodings = 0;
			knownRegions = (
				en,
				Base,
			);
			mainGroup = 3AAF4D7A1C16AF3D0091C2B3;
			productRefGroup = 3AAF4D841C16AF3D0091C2B3 /* Products */;
			projectDirPath = "";
			projectRoot = "";
			targets = (
				3AAF4D821C16AF3D0091C2B3 /* MixablyMac */,
				3AAF4D931C16AF3D0091C2B3 /* MixablyMacTests */,
				3AAF4D9E1C16AF3D0091C2B3 /* MixablyMacUITests */,
			);
		};
/* End PBXProject section */

/* Begin PBXResourcesBuildPhase section */
		3AAF4D811C16AF3D0091C2B3 /* Resources */ = {
			isa = PBXResourcesBuildPhase;
			buildActionMask = 2147483647;
			files = (
				3A25F4481C16D868007ED23B /* Songs.storyboard in Resources */,
				3AAF4D8B1C16AF3D0091C2B3 /* Assets.xcassets in Resources */,
				3AAF4D8E1C16AF3D0091C2B3 /* Main.storyboard in Resources */,
				3A220C831C16DA2A00985BC7 /* Mixably.storyboard in Resources */,
			);
			runOnlyForDeploymentPostprocessing = 0;
		};
		3AAF4D921C16AF3D0091C2B3 /* Resources */ = {
			isa = PBXResourcesBuildPhase;
			buildActionMask = 2147483647;
			files = (
			);
			runOnlyForDeploymentPostprocessing = 0;
		};
		3AAF4D9D1C16AF3D0091C2B3 /* Resources */ = {
			isa = PBXResourcesBuildPhase;
			buildActionMask = 2147483647;
			files = (
			);
			runOnlyForDeploymentPostprocessing = 0;
		};
/* End PBXResourcesBuildPhase section */

/* Begin PBXShellScriptBuildPhase section */
		16BB2225AF1FED8368CDFC20 /* Embed Pods Frameworks */ = {
			isa = PBXShellScriptBuildPhase;
			buildActionMask = 2147483647;
			files = (
			);
			inputPaths = (
			);
			name = "Embed Pods Frameworks";
			outputPaths = (
			);
			runOnlyForDeploymentPostprocessing = 0;
			shellPath = /bin/sh;
			shellScript = "\"${SRCROOT}/Pods/Target Support Files/Pods-MixablyMac/Pods-MixablyMac-frameworks.sh\"\n";
			showEnvVarsInLog = 0;
		};
		A271BE5AEE7F476A54C64780 /* Check Pods Manifest.lock */ = {
			isa = PBXShellScriptBuildPhase;
			buildActionMask = 2147483647;
			files = (
			);
			inputPaths = (
			);
			name = "Check Pods Manifest.lock";
			outputPaths = (
			);
			runOnlyForDeploymentPostprocessing = 0;
			shellPath = /bin/sh;
			shellScript = "diff \"${PODS_ROOT}/../Podfile.lock\" \"${PODS_ROOT}/Manifest.lock\" > /dev/null\nif [[ $? != 0 ]] ; then\n    cat << EOM\nerror: The sandbox is not in sync with the Podfile.lock. Run 'pod install' or update your CocoaPods installation.\nEOM\n    exit 1\nfi\n";
			showEnvVarsInLog = 0;
		};
		C541AC8CF773D09BA80A1B88 /* Copy Pods Resources */ = {
			isa = PBXShellScriptBuildPhase;
			buildActionMask = 2147483647;
			files = (
			);
			inputPaths = (
			);
			name = "Copy Pods Resources";
			outputPaths = (
			);
			runOnlyForDeploymentPostprocessing = 0;
			shellPath = /bin/sh;
			shellScript = "\"${SRCROOT}/Pods/Target Support Files/Pods-MixablyMac/Pods-MixablyMac-resources.sh\"\n";
			showEnvVarsInLog = 0;
		};
/* End PBXShellScriptBuildPhase section */

/* Begin PBXSourcesBuildPhase section */
		3AAF4D7F1C16AF3D0091C2B3 /* Sources */ = {
			isa = PBXSourcesBuildPhase;
			buildActionMask = 2147483647;
			files = (
				3AAF4DB51C16C0A60091C2B3 /* MXPlayerViewController.swift in Sources */,
				D169D1051C192692002F62D6 /* Playlist.swift in Sources */,
				3AE4E7CE1C1821D300BC120D /* MXMixablyPresentationAnimator.swift in Sources */,
				D10004011C1855EF00563D6B /* MXSidebarViewController.swift in Sources */,
				3AAF4DB71C16C1E00091C2B3 /* MXPlaylistViewController.swift in Sources */,
				3AAF4DB91C16C21D0091C2B3 /* MXMixablyViewController.swift in Sources */,
				3AAF4D891C16AF3D0091C2B3 /* ViewController.swift in Sources */,
				D1DFEECD1C16F243000B9991 /* Song.swift in Sources */,
				3A25F4451C16C85F007ED23B /* Constants.swift in Sources */,
				3AE4E7D11C183BAE00BC120D /* CALayer+Extensions.swift in Sources */,
				D169D1071C1926A4002F62D6 /* Mood.swift in Sources */,
				7CB1B9B21C180E960056A942 /* EventMonitor.swift in Sources */,
				D1159F871C1A942400E43147 /* MXSidebarMoodlistViewController.swift in Sources */,
				3AAF4DB21C16B6B20091C2B3 /* MXMainViewController.swift in Sources */,
				3AAF4D871C16AF3D0091C2B3 /* AppDelegate.swift in Sources */,
			);
			runOnlyForDeploymentPostprocessing = 0;
		};
		3AAF4D901C16AF3D0091C2B3 /* Sources */ = {
			isa = PBXSourcesBuildPhase;
			buildActionMask = 2147483647;
			files = (
				3AAF4D991C16AF3D0091C2B3 /* MixablyMacTests.swift in Sources */,
			);
			runOnlyForDeploymentPostprocessing = 0;
		};
		3AAF4D9B1C16AF3D0091C2B3 /* Sources */ = {
			isa = PBXSourcesBuildPhase;
			buildActionMask = 2147483647;
			files = (
				3AAF4DA41C16AF3D0091C2B3 /* MixablyMacUITests.swift in Sources */,
			);
			runOnlyForDeploymentPostprocessing = 0;
		};
/* End PBXSourcesBuildPhase section */

/* Begin PBXTargetDependency section */
		3AAF4D961C16AF3D0091C2B3 /* PBXTargetDependency */ = {
			isa = PBXTargetDependency;
			target = 3AAF4D821C16AF3D0091C2B3 /* MixablyMac */;
			targetProxy = 3AAF4D951C16AF3D0091C2B3 /* PBXContainerItemProxy */;
		};
		3AAF4DA11C16AF3D0091C2B3 /* PBXTargetDependency */ = {
			isa = PBXTargetDependency;
			target = 3AAF4D821C16AF3D0091C2B3 /* MixablyMac */;
			targetProxy = 3AAF4DA01C16AF3D0091C2B3 /* PBXContainerItemProxy */;
		};
/* End PBXTargetDependency section */

/* Begin PBXVariantGroup section */
		3A25F4461C16D868007ED23B /* Songs.storyboard */ = {
			isa = PBXVariantGroup;
			children = (
				3A25F4471C16D868007ED23B /* Base */,
			);
			name = Songs.storyboard;
			sourceTree = "<group>";
		};
		3AAF4D8C1C16AF3D0091C2B3 /* Main.storyboard */ = {
			isa = PBXVariantGroup;
			children = (
				3AAF4D8D1C16AF3D0091C2B3 /* Base */,
			);
			name = Main.storyboard;
			sourceTree = "<group>";
		};
/* End PBXVariantGroup section */

/* Begin XCBuildConfiguration section */
		3AAF4DA61C16AF3D0091C2B3 /* Debug */ = {
			isa = XCBuildConfiguration;
			buildSettings = {
				ALWAYS_SEARCH_USER_PATHS = NO;
				CLANG_CXX_LANGUAGE_STANDARD = "gnu++0x";
				CLANG_CXX_LIBRARY = "libc++";
				CLANG_ENABLE_MODULES = YES;
				CLANG_ENABLE_OBJC_ARC = YES;
				CLANG_WARN_BOOL_CONVERSION = YES;
				CLANG_WARN_CONSTANT_CONVERSION = YES;
				CLANG_WARN_DIRECT_OBJC_ISA_USAGE = YES_ERROR;
				CLANG_WARN_EMPTY_BODY = YES;
				CLANG_WARN_ENUM_CONVERSION = YES;
				CLANG_WARN_INT_CONVERSION = YES;
				CLANG_WARN_OBJC_ROOT_CLASS = YES_ERROR;
				CLANG_WARN_UNREACHABLE_CODE = YES;
				CLANG_WARN__DUPLICATE_METHOD_MATCH = YES;
				CODE_SIGN_IDENTITY = "-";
				COPY_PHASE_STRIP = NO;
				DEBUG_INFORMATION_FORMAT = dwarf;
				ENABLE_STRICT_OBJC_MSGSEND = YES;
				ENABLE_TESTABILITY = YES;
				GCC_C_LANGUAGE_STANDARD = gnu99;
				GCC_DYNAMIC_NO_PIC = NO;
				GCC_NO_COMMON_BLOCKS = YES;
				GCC_OPTIMIZATION_LEVEL = 0;
				GCC_PREPROCESSOR_DEFINITIONS = (
					"DEBUG=1",
					"$(inherited)",
				);
				GCC_WARN_64_TO_32_BIT_CONVERSION = YES;
				GCC_WARN_ABOUT_RETURN_TYPE = YES_ERROR;
				GCC_WARN_UNDECLARED_SELECTOR = YES;
				GCC_WARN_UNINITIALIZED_AUTOS = YES_AGGRESSIVE;
				GCC_WARN_UNUSED_FUNCTION = YES;
				GCC_WARN_UNUSED_VARIABLE = YES;
				MACOSX_DEPLOYMENT_TARGET = 10.11;
				MTL_ENABLE_DEBUG_INFO = YES;
				ONLY_ACTIVE_ARCH = YES;
				SDKROOT = macosx;
				SWIFT_OPTIMIZATION_LEVEL = "-Onone";
			};
			name = Debug;
		};
		3AAF4DA71C16AF3D0091C2B3 /* Release */ = {
			isa = XCBuildConfiguration;
			buildSettings = {
				ALWAYS_SEARCH_USER_PATHS = NO;
				CLANG_CXX_LANGUAGE_STANDARD = "gnu++0x";
				CLANG_CXX_LIBRARY = "libc++";
				CLANG_ENABLE_MODULES = YES;
				CLANG_ENABLE_OBJC_ARC = YES;
				CLANG_WARN_BOOL_CONVERSION = YES;
				CLANG_WARN_CONSTANT_CONVERSION = YES;
				CLANG_WARN_DIRECT_OBJC_ISA_USAGE = YES_ERROR;
				CLANG_WARN_EMPTY_BODY = YES;
				CLANG_WARN_ENUM_CONVERSION = YES;
				CLANG_WARN_INT_CONVERSION = YES;
				CLANG_WARN_OBJC_ROOT_CLASS = YES_ERROR;
				CLANG_WARN_UNREACHABLE_CODE = YES;
				CLANG_WARN__DUPLICATE_METHOD_MATCH = YES;
				CODE_SIGN_IDENTITY = "-";
				COPY_PHASE_STRIP = NO;
				DEBUG_INFORMATION_FORMAT = "dwarf-with-dsym";
				ENABLE_NS_ASSERTIONS = NO;
				ENABLE_STRICT_OBJC_MSGSEND = YES;
				GCC_C_LANGUAGE_STANDARD = gnu99;
				GCC_NO_COMMON_BLOCKS = YES;
				GCC_WARN_64_TO_32_BIT_CONVERSION = YES;
				GCC_WARN_ABOUT_RETURN_TYPE = YES_ERROR;
				GCC_WARN_UNDECLARED_SELECTOR = YES;
				GCC_WARN_UNINITIALIZED_AUTOS = YES_AGGRESSIVE;
				GCC_WARN_UNUSED_FUNCTION = YES;
				GCC_WARN_UNUSED_VARIABLE = YES;
				MACOSX_DEPLOYMENT_TARGET = 10.11;
				MTL_ENABLE_DEBUG_INFO = NO;
				SDKROOT = macosx;
			};
			name = Release;
		};
		3AAF4DA91C16AF3D0091C2B3 /* Debug */ = {
			isa = XCBuildConfiguration;
			baseConfigurationReference = DF7961601E0145F14D531120 /* Pods-MixablyMac.debug.xcconfig */;
			buildSettings = {
				ASSETCATALOG_COMPILER_APPICON_NAME = AppIcon;
				CODE_SIGN_ENTITLEMENTS = MixablyMac/MixablyMac.entitlements;
				CODE_SIGN_IDENTITY = "Mac Developer";
				"CODE_SIGN_IDENTITY[sdk=macosx*]" = "Mac Developer";
				COMBINE_HIDPI_IMAGES = YES;
				FRAMEWORK_SEARCH_PATHS = (
					"$(inherited)",
					"$(LOCAL_LIBRARY_DIR)/Frameworks",
				);
				INFOPLIST_FILE = MixablyMac/Info.plist;
				LD_RUNPATH_SEARCH_PATHS = "$(inherited) @executable_path/../Frameworks";
				PRODUCT_BUNDLE_IDENTIFIER = com.miq.MixablyMac;
				PRODUCT_NAME = "$(TARGET_NAME)";
				PROVISIONING_PROFILE = "";
			};
			name = Debug;
		};
		3AAF4DAA1C16AF3D0091C2B3 /* Release */ = {
			isa = XCBuildConfiguration;
			baseConfigurationReference = AC632175D9C6A5455B2CA21D /* Pods-MixablyMac.release.xcconfig */;
			buildSettings = {
				ASSETCATALOG_COMPILER_APPICON_NAME = AppIcon;
				CODE_SIGN_ENTITLEMENTS = MixablyMac/MixablyMac.entitlements;
				CODE_SIGN_IDENTITY = "Mac Developer";
				"CODE_SIGN_IDENTITY[sdk=macosx*]" = "Mac Developer";
				COMBINE_HIDPI_IMAGES = YES;
				FRAMEWORK_SEARCH_PATHS = (
					"$(inherited)",
					"$(LOCAL_LIBRARY_DIR)/Frameworks",
				);
				INFOPLIST_FILE = MixablyMac/Info.plist;
				LD_RUNPATH_SEARCH_PATHS = "$(inherited) @executable_path/../Frameworks";
				PRODUCT_BUNDLE_IDENTIFIER = com.miq.MixablyMac;
				PRODUCT_NAME = "$(TARGET_NAME)";
				PROVISIONING_PROFILE = "";
			};
			name = Release;
		};
		3AAF4DAC1C16AF3D0091C2B3 /* Debug */ = {
			isa = XCBuildConfiguration;
			buildSettings = {
				BUNDLE_LOADER = "$(TEST_HOST)";
				COMBINE_HIDPI_IMAGES = YES;
				INFOPLIST_FILE = MixablyMacTests/Info.plist;
				LD_RUNPATH_SEARCH_PATHS = "$(inherited) @executable_path/../Frameworks @loader_path/../Frameworks";
				PRODUCT_BUNDLE_IDENTIFIER = com.miq.MixablyMacTests;
				PRODUCT_NAME = "$(TARGET_NAME)";
				TEST_HOST = "$(BUILT_PRODUCTS_DIR)/MixablyMac.app/Contents/MacOS/MixablyMac";
			};
			name = Debug;
		};
		3AAF4DAD1C16AF3D0091C2B3 /* Release */ = {
			isa = XCBuildConfiguration;
			buildSettings = {
				BUNDLE_LOADER = "$(TEST_HOST)";
				COMBINE_HIDPI_IMAGES = YES;
				INFOPLIST_FILE = MixablyMacTests/Info.plist;
				LD_RUNPATH_SEARCH_PATHS = "$(inherited) @executable_path/../Frameworks @loader_path/../Frameworks";
				PRODUCT_BUNDLE_IDENTIFIER = com.miq.MixablyMacTests;
				PRODUCT_NAME = "$(TARGET_NAME)";
				TEST_HOST = "$(BUILT_PRODUCTS_DIR)/MixablyMac.app/Contents/MacOS/MixablyMac";
			};
			name = Release;
		};
		3AAF4DAF1C16AF3D0091C2B3 /* Debug */ = {
			isa = XCBuildConfiguration;
			buildSettings = {
				COMBINE_HIDPI_IMAGES = YES;
				INFOPLIST_FILE = MixablyMacUITests/Info.plist;
				LD_RUNPATH_SEARCH_PATHS = "$(inherited) @executable_path/../Frameworks @loader_path/../Frameworks";
				PRODUCT_BUNDLE_IDENTIFIER = com.miq.MixablyMacUITests;
				PRODUCT_NAME = "$(TARGET_NAME)";
				TEST_TARGET_NAME = MixablyMac;
				USES_XCTRUNNER = YES;
			};
			name = Debug;
		};
		3AAF4DB01C16AF3D0091C2B3 /* Release */ = {
			isa = XCBuildConfiguration;
			buildSettings = {
				COMBINE_HIDPI_IMAGES = YES;
				INFOPLIST_FILE = MixablyMacUITests/Info.plist;
				LD_RUNPATH_SEARCH_PATHS = "$(inherited) @executable_path/../Frameworks @loader_path/../Frameworks";
				PRODUCT_BUNDLE_IDENTIFIER = com.miq.MixablyMacUITests;
				PRODUCT_NAME = "$(TARGET_NAME)";
				TEST_TARGET_NAME = MixablyMac;
				USES_XCTRUNNER = YES;
			};
			name = Release;
		};
/* End XCBuildConfiguration section */

/* Begin XCConfigurationList section */
		3AAF4D7E1C16AF3D0091C2B3 /* Build configuration list for PBXProject "MixablyMac" */ = {
			isa = XCConfigurationList;
			buildConfigurations = (
				3AAF4DA61C16AF3D0091C2B3 /* Debug */,
				3AAF4DA71C16AF3D0091C2B3 /* Release */,
			);
			defaultConfigurationIsVisible = 0;
			defaultConfigurationName = Release;
		};
		3AAF4DA81C16AF3D0091C2B3 /* Build configuration list for PBXNativeTarget "MixablyMac" */ = {
			isa = XCConfigurationList;
			buildConfigurations = (
				3AAF4DA91C16AF3D0091C2B3 /* Debug */,
				3AAF4DAA1C16AF3D0091C2B3 /* Release */,
			);
			defaultConfigurationIsVisible = 0;
			defaultConfigurationName = Release;
		};
		3AAF4DAB1C16AF3D0091C2B3 /* Build configuration list for PBXNativeTarget "MixablyMacTests" */ = {
			isa = XCConfigurationList;
			buildConfigurations = (
				3AAF4DAC1C16AF3D0091C2B3 /* Debug */,
				3AAF4DAD1C16AF3D0091C2B3 /* Release */,
			);
			defaultConfigurationIsVisible = 0;
			defaultConfigurationName = Release;
		};
		3AAF4DAE1C16AF3D0091C2B3 /* Build configuration list for PBXNativeTarget "MixablyMacUITests" */ = {
			isa = XCConfigurationList;
			buildConfigurations = (
				3AAF4DAF1C16AF3D0091C2B3 /* Debug */,
				3AAF4DB01C16AF3D0091C2B3 /* Release */,
			);
			defaultConfigurationIsVisible = 0;
			defaultConfigurationName = Release;
		};
/* End XCConfigurationList section */
	};
	rootObject = 3AAF4D7B1C16AF3D0091C2B3 /* Project object */;
}
